
Microsoft Visual Studio Solution File, Format Version 12.00
# Visual Studio Version 16
VisualStudioVersion = 16.0.33214.272
MinimumVisualStudioVersion = 10.0.40219.1
Project("{FAE04EC0-301F-11D3-BF4B-00C04F79EFBC}") = "TheBlog", "TheBlog\TheBlog.csproj", "{F6D85AFB-B7B5-4F32-A345-0C5819EC429D}"
EndProject
Global
	GlobalSection(SolutionConfigurationPlatforms) = preSolution
		Debug|Any CPU = Debug|Any CPU
		Release|Any CPU = Release|Any CPU
	EndGlobalSection
	GlobalSection(ProjectConfigurationPlatforms) = postSolution
		{F6D85AFB-B7B5-4F32-A345-0C5819EC429D}.Debug|Any CPU.ActiveCfg = Debug|Any CPU
		{F6D85AFB-B7B5-4F32-A345-0C5819EC429D}.Debug|Any CPU.Build.0 = Debug|Any CPU
		{F6D85AFB-B7B5-4F32-A345-0C5819EC429D}.Release|Any CPU.ActiveCfg = Release|Any CPU
		{F6D85AFB-B7B5-4F32-A345-0C5819EC429D}.Release|Any CPU.Build.0 = Release|Any CPU
	EndGlobalSection
	GlobalSection(SolutionProperties) = preSolution
		HideSolutionNode = FALSE
	EndGlobalSection
	GlobalSection(ExtensibilityGlobals) = postSolution
		SolutionGuid = {5C48ECFC-7E25-42C3-A324-C489AF3A2094}
	EndGlobalSection
EndGlobal
