
Microsoft Visual Studio Solution File, Format Version 12.00
# Visual Studio Version 16
VisualStudioVersion = 16.0.33214.272
MinimumVisualStudioVersion = 10.0.40219.1
Project("{FAE04EC0-301F-11D3-BF4B-00C04F79EFBC}") = "FirstProject", "FirstProject\FirstProject.csproj", "{4D538156-5825-4B4C-AC4D-43AAA059BF1C}"
EndProject
Global
	GlobalSection(SolutionConfigurationPlatforms) = preSolution
		Debug|Any CPU = Debug|Any CPU
		Release|Any CPU = Release|Any CPU
	EndGlobalSection
	GlobalSection(ProjectConfigurationPlatforms) = postSolution
		{4D538156-5825-4B4C-AC4D-43AAA059BF1C}.Debug|Any CPU.ActiveCfg = Debug|Any CPU
		{4D538156-5825-4B4C-AC4D-43AAA059BF1C}.Debug|Any CPU.Build.0 = Debug|Any CPU
		{4D538156-5825-4B4C-AC4D-43AAA059BF1C}.Release|Any CPU.ActiveCfg = Release|Any CPU
		{4D538156-5825-4B4C-AC4D-43AAA059BF1C}.Release|Any CPU.Build.0 = Release|Any CPU
	EndGlobalSection
	GlobalSection(SolutionProperties) = preSolution
		HideSolutionNode = FALSE
	EndGlobalSection
	GlobalSection(ExtensibilityGlobals) = postSolution
		SolutionGuid = {29FE030F-46C7-472B-9BA5-A28ADD680DE2}
	EndGlobalSection
EndGlobal
